
Microsoft Visual Studio Solution File, Format Version 12.00
# Visual Studio Version 17
VisualStudioVersion = 17.2.32630.192
MinimumVisualStudioVersion = 10.0.40219.1
Project("{FAE04EC0-301F-11D3-BF4B-00C04F79EFBC}") = "AppConfigurationManager", "AppConfigurationManager.csproj", "{6F958983-8736-45C2-B615-EABBA05B6CBF}"
EndProject
Global
	GlobalSection(SolutionConfigurationPlatforms) = preSolution
		Debug|Any CPU = Debug|Any CPU
		Release|Any CPU = Release|Any CPU
	EndGlobalSection
	GlobalSection(ProjectConfigurationPlatforms) = postSolution
		{6F958983-8736-45C2-B615-EABBA05B6CBF}.Debug|Any CPU.ActiveCfg = Debug|Any CPU
		{6F958983-8736-45C2-B615-EABBA05B6CBF}.Debug|Any CPU.Build.0 = Debug|Any CPU
		{6F958983-8736-45C2-B615-EABBA05B6CBF}.Release|Any CPU.ActiveCfg = Release|Any CPU
		{6F958983-8736-45C2-B615-EABBA05B6CBF}.Release|Any CPU.Build.0 = Release|Any CPU
	EndGlobalSection
	GlobalSection(SolutionProperties) = preSolution
		HideSolutionNode = FALSE
	EndGlobalSection
	GlobalSection(ExtensibilityGlobals) = postSolution
		SolutionGuid = {2AAD2841-A204-4063-AFBE-1BCC41543A8F}
	EndGlobalSection
EndGlobal
